
Microsoft Visual Studio Solution File, Format Version 12.00
# Visual Studio Version 17
VisualStudioVersion = 17.4.33213.308
MinimumVisualStudioVersion = 10.0.40219.1
Project("{FAE04EC0-301F-11D3-BF4B-00C04F79EFBC}") = "GroupChat", "GroupChat\GroupChat.csproj", "{57C0E7B1-96E6-4C36-BCAC-24E49A5BEB54}"
EndProject
Global
	GlobalSection(SolutionConfigurationPlatforms) = preSolution
		Debug|Any CPU = Debug|Any CPU
		Release|Any CPU = Release|Any CPU
	EndGlobalSection
	GlobalSection(ProjectConfigurationPlatforms) = postSolution
		{57C0E7B1-96E6-4C36-BCAC-24E49A5BEB54}.Debug|Any CPU.ActiveCfg = Debug|Any CPU
		{57C0E7B1-96E6-4C36-BCAC-24E49A5BEB54}.Debug|Any CPU.Build.0 = Debug|Any CPU
		{57C0E7B1-96E6-4C36-BCAC-24E49A5BEB54}.Release|Any CPU.ActiveCfg = Release|Any CPU
		{57C0E7B1-96E6-4C36-BCAC-24E49A5BEB54}.Release|Any CPU.Build.0 = Release|Any CPU
	EndGlobalSection
	GlobalSection(SolutionProperties) = preSolution
		HideSolutionNode = FALSE
	EndGlobalSection
	GlobalSection(ExtensibilityGlobals) = postSolution
		SolutionGuid = {91C961A1-2587-479D-81BD-60E889099B13}
	EndGlobalSection
EndGlobal
